
Microsoft Visual Studio Solution File, Format Version 12.00
# Visual Studio Version 17
VisualStudioVersion = 17.0.32014.148
MinimumVisualStudioVersion = 10.0.40219.1
Project("{2150E333-8FDC-42A3-9474-1A3956D46DE8}") = "ShopManagement", "ShopManagement", "{8D8022E1-E61C-42C5-9D29-F4A22EFC3D1E}"
EndProject
Project("{2150E333-8FDC-42A3-9474-1A3956D46DE8}") = "SM.Domain", "SM.Domain", "{E7E0F811-4F85-46B0-AB9D-4A46EA910E6E}"
EndProject
Project("{9A19103F-16F7-4668-BE54-9A1E7A4F7556}") = "ShopManagement.Domain", "ShopManagement.Domain\ShopManagement.Domain.csproj", "{C499902C-CC95-4448-AEE6-16315D083129}"
EndProject
Project("{9A19103F-16F7-4668-BE54-9A1E7A4F7556}") = "0_Framework", "0_Framework\0_Framework.csproj", "{FD9DC388-5C7A-4DC1-803A-4B8F70B824AC}"
EndProject
Project("{2150E333-8FDC-42A3-9474-1A3956D46DE8}") = "SM.Application", "SM.Application", "{7AB11578-83AD-4AE7-A895-6FF8F148E935}"
EndProject
Project("{9A19103F-16F7-4668-BE54-9A1E7A4F7556}") = "ShopManagement.Application.Contracts", "ShopManagement.Application.Contracts\ShopManagement.Application.Contracts.csproj", "{DE3103D7-BFC3-4660-94A1-617DCE17D2CF}"
EndProject
Project("{9A19103F-16F7-4668-BE54-9A1E7A4F7556}") = "ShopMangementApplication", "ShopMangementApplication\ShopMangementApplication.csproj", "{F334AC66-6BD0-421B-8F92-318165BFE7A1}"
EndProject
Project("{2150E333-8FDC-42A3-9474-1A3956D46DE8}") = "SM.Infrastructure", "SM.Infrastructure", "{68A4AB4A-272D-4439-8003-9155728EEC61}"
EndProject
Project("{9A19103F-16F7-4668-BE54-9A1E7A4F7556}") = "ShopManagement.Infrastructure.EFCore", "ShopManagement.Infrastructure.EFCore\ShopManagement.Infrastructure.EFCore.csproj", "{83B4B3DB-CF52-4C54-AE01-AF4479F32F16}"
EndProject
Project("{9A19103F-16F7-4668-BE54-9A1E7A4F7556}") = "ShopManagement.Configuration", "ShopManagement.Configuration\ShopManagement.Configuration.csproj", "{B3ACA3A2-3F26-4EF5-AF3C-58F07909DCC3}"
EndProject
Project("{9A19103F-16F7-4668-BE54-9A1E7A4F7556}") = "ServiceHost", "ServiceHost\ServiceHost.csproj", "{1C07DA66-21E1-4A94-B1FB-E2482F47DD7D}"
EndProject
Project("{9A19103F-16F7-4668-BE54-9A1E7A4F7556}") = "01_LampshadeQuery", "01_LampshadeQuery\01_LampshadeQuery.csproj", "{9A9457E7-B8FA-4536-B122-AB612F058A46}"
EndProject
Project("{2150E333-8FDC-42A3-9474-1A3956D46DE8}") = "DiscountManagement", "DiscountManagement", "{8D47DCE8-D734-4E3E-8A0F-30BE39247EA8}"
EndProject
Project("{2150E333-8FDC-42A3-9474-1A3956D46DE8}") = "DM.Domain", "DM.Domain", "{D6708838-2ED2-43BD-BA94-1777C7BF1AAC}"
EndProject
Project("{9A19103F-16F7-4668-BE54-9A1E7A4F7556}") = "DiscountManagement.Domain", "DiscountManagement.Domain\DiscountManagement.Domain.csproj", "{6B6E984B-8FE1-498D-8CCE-DE0657A410FF}"
EndProject
Project("{2150E333-8FDC-42A3-9474-1A3956D46DE8}") = "DM.Application", "DM.Application", "{1F26FA89-360B-4F43-A13E-342317FE144D}"
EndProject
Project("{2150E333-8FDC-42A3-9474-1A3956D46DE8}") = "DM.Infrastructure", "DM.Infrastructure", "{04703828-8F42-402D-BF49-2BA0B0FF6444}"
EndProject
Project("{9A19103F-16F7-4668-BE54-9A1E7A4F7556}") = "DiscountManagement.Application.Contracts", "DiscountManagement.Application.Contracts\DiscountManagement.Application.Contracts.csproj", "{A847CACB-380A-4B6B-BC1C-827C4116E3BF}"
EndProject
Project("{9A19103F-16F7-4668-BE54-9A1E7A4F7556}") = "DiscountManagement.Application", "DiscountManagement.Application\DiscountManagement.Application.csproj", "{7E184B6C-4EE6-49CB-BC04-E32ABBD27E6C}"
EndProject
Project("{9A19103F-16F7-4668-BE54-9A1E7A4F7556}") = "DiscountManagement.Configuration", "DiscountManagement.Configuration\DiscountManagement.Configuration.csproj", "{A19CDC99-EB67-493C-9C19-0B1D394CFADF}"
EndProject
Project("{9A19103F-16F7-4668-BE54-9A1E7A4F7556}") = "DiscountManagement.Infrastructure.EFCore", "DiscountManagement.Infrastructure.EFCore\DiscountManagement.Infrastructure.EFCore.csproj", "{95D89EC5-0D8F-49A0-84B6-FFBAC878C106}"
EndProject
Project("{2150E333-8FDC-42A3-9474-1A3956D46DE8}") = "InventoryManagement", "InventoryManagement", "{96CE4B50-FF83-4297-B6EA-7D1F4D4533FA}"
EndProject
Project("{2150E333-8FDC-42A3-9474-1A3956D46DE8}") = "IM.Application", "IM.Application", "{C09FAF91-EF3F-45CE-9E2F-5EB5155690A6}"
EndProject
Project("{2150E333-8FDC-42A3-9474-1A3956D46DE8}") = "IM.Domain", "IM.Domain", "{E0893A0D-293C-4465-AE64-998D3E19A806}"
EndProject
Project("{2150E333-8FDC-42A3-9474-1A3956D46DE8}") = "IM.Infrastructure", "IM.Infrastructure", "{8F6F2A76-9C06-4DBA-91D5-227A32E9304C}"
EndProject
Project("{9A19103F-16F7-4668-BE54-9A1E7A4F7556}") = "InventoryManagement.Domain", "InventoryManagement.Domain\InventoryManagement.Domain.csproj", "{9CB26A6A-9474-4D27-BEB0-922D15ACAF22}"
EndProject
Project("{9A19103F-16F7-4668-BE54-9A1E7A4F7556}") = "InventoryManagement.Application", "InventoryManagement.Application\InventoryManagement.Application.csproj", "{20EB3EDC-B411-40D5-A53D-F5299C4DB454}"
EndProject
Project("{9A19103F-16F7-4668-BE54-9A1E7A4F7556}") = "InventoryManagement.Application.Contract", "InventoryManagement.Application.Contract\InventoryManagement.Application.Contract.csproj", "{B025CF48-20ED-4BDC-8751-1B1603F77B8E}"
EndProject
Project("{9A19103F-16F7-4668-BE54-9A1E7A4F7556}") = "InventoryMangement.Infrastructure.EFCore", "InventoryMangement.Infrastructure.EFCore\InventoryMangement.Infrastructure.EFCore.csproj", "{EC68E26D-F539-4C50-A664-1E7E1FDC55D5}"
EndProject
Project("{9A19103F-16F7-4668-BE54-9A1E7A4F7556}") = "InventoryManagement.Infrastructure.Configuration", "InventoryManagement.Infrastructure.Configuration\InventoryManagement.Infrastructure.Configuration.csproj", "{9A432B90-76AA-4B57-935B-1A6FCCB8B8A8}"
EndProject
Project("{2150E333-8FDC-42A3-9474-1A3956D46DE8}") = "CommentManagement", "CommentManagement", "{8438152D-B73A-4907-8A5C-66127611B047}"
EndProject
Project("{2150E333-8FDC-42A3-9474-1A3956D46DE8}") = "CM.Application", "CM.Application", "{4F13888C-1B95-4052-8F06-97066CDC2782}"
EndProject
Project("{2150E333-8FDC-42A3-9474-1A3956D46DE8}") = "CM.Domain", "CM.Domain", "{17645743-B180-48EB-9167-F3EC3110F065}"
EndProject
Project("{2150E333-8FDC-42A3-9474-1A3956D46DE8}") = "CM.Infrastructure", "CM.Infrastructure", "{75EF409E-5CBE-47E1-9ACD-2BFA694D1138}"
EndProject
Project("{9A19103F-16F7-4668-BE54-9A1E7A4F7556}") = "CommentManagement.Application", "CommentManagement.Application\CommentManagement.Application.csproj", "{463BC71E-2651-4DBC-AA61-12B6CBA5C7DD}"
EndProject
Project("{9A19103F-16F7-4668-BE54-9A1E7A4F7556}") = "CommentManagement.Application.Contracts", "CommentManagement.Application.Contracts\CommentManagement.Application.Contracts.csproj", "{E3067542-DD1E-4D65-B377-3B4626C4266E}"
EndProject
Project("{9A19103F-16F7-4668-BE54-9A1E7A4F7556}") = "CommentManagement.Domain", "CommentManagement.Domain\CommentManagement.Domain.csproj", "{D7D94228-1C2A-40DE-BB0F-AFD79EEECCAF}"
EndProject
Project("{9A19103F-16F7-4668-BE54-9A1E7A4F7556}") = "CommentManagement.Infrastructure.Configuration", "CommentManagement.Infrastructure.Configuration\CommentManagement.Infrastructure.Configuration.csproj", "{DD8941F6-CC65-4E7C-84C7-CD42618A4E8B}"
EndProject
Project("{9A19103F-16F7-4668-BE54-9A1E7A4F7556}") = "CommnetManagement.Infrastructure.EFCore", "CommnetManagement.Infrastructure.EFCore\CommnetManagement.Infrastructure.EFCore.csproj", "{A2FEBF62-B446-48C3-B34F-3BE3237C3A35}"
EndProject
Project("{2150E333-8FDC-42A3-9474-1A3956D46DE8}") = "BlogManagement", "BlogManagement", "{FB0B5C4A-1781-4645-AA32-3E7CDAD75B74}"
EndProject
Project("{2150E333-8FDC-42A3-9474-1A3956D46DE8}") = "BM.Application", "BM.Application", "{D09D7098-55D4-4764-A017-594FEC3080F7}"
EndProject
Project("{2150E333-8FDC-42A3-9474-1A3956D46DE8}") = "BM.Domain", "BM.Domain", "{B157E200-272B-4465-88BD-61D32A51012E}"
EndProject
Project("{2150E333-8FDC-42A3-9474-1A3956D46DE8}") = "BM.Infrastructure", "BM.Infrastructure", "{623D548C-4601-40B5-AC9F-74FBC0CA2E7C}"
EndProject
Project("{9A19103F-16F7-4668-BE54-9A1E7A4F7556}") = "BlogManagement.Domain", "BlogManagement.Domain\BlogManagement.Domain.csproj", "{53E03AB6-5A66-4DDD-8877-C2D356E3CE53}"
EndProject
Project("{9A19103F-16F7-4668-BE54-9A1E7A4F7556}") = "BlogManagement.Application.Contracts", "BlogManagement.Application.Contracts\BlogManagement.Application.Contracts.csproj", "{E3D6F240-DC06-4EE1-9C64-97CC6B20ACC6}"
EndProject
Project("{9A19103F-16F7-4668-BE54-9A1E7A4F7556}") = "BlogManagement.Application", "BlogManagement.Application\BlogManagement.Application.csproj", "{B85F392D-B13C-4AB4-80DA-8E8D8DD44C8A}"
EndProject
Project("{9A19103F-16F7-4668-BE54-9A1E7A4F7556}") = "BlogManagement.Infrastructure.Configuration", "BlogManagement.Infrastructure.Configuration\BlogManagement.Infrastructure.Configuration.csproj", "{D303EC34-4CC7-40CC-88F8-300083570675}"
EndProject
Project("{9A19103F-16F7-4668-BE54-9A1E7A4F7556}") = "BlogManagement.Infrastructure.EFCore", "BlogManagement.Infrastructure.EFCore\BlogManagement.Infrastructure.EFCore.csproj", "{18A824AB-B382-4090-BF4E-61CAF448A690}"
EndProject
Project("{2150E333-8FDC-42A3-9474-1A3956D46DE8}") = "AccountManagement", "AccountManagement", "{D924D47C-2B10-45E1-BB91-909E7143EEAD}"
EndProject
Project("{2150E333-8FDC-42A3-9474-1A3956D46DE8}") = "AM.Application", "AM.Application", "{7DFD3337-9378-415F-80B4-7B2B51226B9B}"
EndProject
Project("{2150E333-8FDC-42A3-9474-1A3956D46DE8}") = "AM.Domain", "AM.Domain", "{77F5B519-24BD-4D5B-874F-29E8103F3F51}"
EndProject
Project("{2150E333-8FDC-42A3-9474-1A3956D46DE8}") = "AM.Infrastructure", "AM.Infrastructure", "{F386EF09-68CB-453E-9BB4-5E984FC078E4}"
EndProject
Project("{9A19103F-16F7-4668-BE54-9A1E7A4F7556}") = "AccountManagement.Domain", "AccountManagement.Domain\AccountManagement.Domain.csproj", "{B0172492-29B4-41A6-9245-9AA297AEB413}"
EndProject
Project("{9A19103F-16F7-4668-BE54-9A1E7A4F7556}") = "AccountManagement.Application.Contracts", "AccountManagement.Application.Contracts\AccountManagement.Application.Contracts.csproj", "{1627EA8A-4595-4AD0-A5D8-3B4A52EA5F44}"
EndProject
Project("{9A19103F-16F7-4668-BE54-9A1E7A4F7556}") = "AccountMangement.Infrastructure.EFCore", "AccountMangement.Infrastructure.EFCore\AccountMangement.Infrastructure.EFCore.csproj", "{8A53C6B7-5414-4609-A232-876AFD45E110}"
EndProject
Project("{9A19103F-16F7-4668-BE54-9A1E7A4F7556}") = "AccountManagement.Application", "AccountManagement.Application\AccountManagement.Application.csproj", "{E0CF6848-2F42-47C9-93A6-F9B845F989EC}"
EndProject
Project("{9A19103F-16F7-4668-BE54-9A1E7A4F7556}") = "AccountManagement.Configuration", "AccountManagement.Configuration\AccountManagement.Configuration.csproj", "{24207FA3-7F27-4418-827F-0851731D9EE0}"
EndProject
Project("{FAE04EC0-301F-11D3-BF4B-00C04F79EFBC}") = "ShopManagement.Infrastructure.AccountAcl", "ShopManagement.Infrastructure.AccountAcl\ShopManagement.Infrastructure.AccountAcl.csproj", "{54BB6495-7891-4670-B493-E37256CCA582}"
EndProject
Project("{FAE04EC0-301F-11D3-BF4B-00C04F79EFBC}") = "ShopManagement.Infrastructure.InventoryAcl", "ShopManagement.Infrastructure.InventoryAcl\ShopManagement.Infrastructure.InventoryAcl.csproj", "{BA7C3174-1E9C-4061-A246-21BF14923CAA}"
EndProject
Global
	GlobalSection(SolutionConfigurationPlatforms) = preSolution
		Debug|Any CPU = Debug|Any CPU
		Release|Any CPU = Release|Any CPU
	EndGlobalSection
	GlobalSection(ProjectConfigurationPlatforms) = postSolution
		{C499902C-CC95-4448-AEE6-16315D083129}.Debug|Any CPU.ActiveCfg = Debug|Any CPU
		{C499902C-CC95-4448-AEE6-16315D083129}.Debug|Any CPU.Build.0 = Debug|Any CPU
		{C499902C-CC95-4448-AEE6-16315D083129}.Release|Any CPU.ActiveCfg = Release|Any CPU
		{C499902C-CC95-4448-AEE6-16315D083129}.Release|Any CPU.Build.0 = Release|Any CPU
		{FD9DC388-5C7A-4DC1-803A-4B8F70B824AC}.Debug|Any CPU.ActiveCfg = Debug|Any CPU
		{FD9DC388-5C7A-4DC1-803A-4B8F70B824AC}.Debug|Any CPU.Build.0 = Debug|Any CPU
		{FD9DC388-5C7A-4DC1-803A-4B8F70B824AC}.Release|Any CPU.ActiveCfg = Release|Any CPU
		{FD9DC388-5C7A-4DC1-803A-4B8F70B824AC}.Release|Any CPU.Build.0 = Release|Any CPU
		{DE3103D7-BFC3-4660-94A1-617DCE17D2CF}.Debug|Any CPU.ActiveCfg = Debug|Any CPU
		{DE3103D7-BFC3-4660-94A1-617DCE17D2CF}.Debug|Any CPU.Build.0 = Debug|Any CPU
		{DE3103D7-BFC3-4660-94A1-617DCE17D2CF}.Release|Any CPU.ActiveCfg = Release|Any CPU
		{DE3103D7-BFC3-4660-94A1-617DCE17D2CF}.Release|Any CPU.Build.0 = Release|Any CPU
		{F334AC66-6BD0-421B-8F92-318165BFE7A1}.Debug|Any CPU.ActiveCfg = Debug|Any CPU
		{F334AC66-6BD0-421B-8F92-318165BFE7A1}.Debug|Any CPU.Build.0 = Debug|Any CPU
		{F334AC66-6BD0-421B-8F92-318165BFE7A1}.Release|Any CPU.ActiveCfg = Release|Any CPU
		{F334AC66-6BD0-421B-8F92-318165BFE7A1}.Release|Any CPU.Build.0 = Release|Any CPU
		{83B4B3DB-CF52-4C54-AE01-AF4479F32F16}.Debug|Any CPU.ActiveCfg = Debug|Any CPU
		{83B4B3DB-CF52-4C54-AE01-AF4479F32F16}.Debug|Any CPU.Build.0 = Debug|Any CPU
		{83B4B3DB-CF52-4C54-AE01-AF4479F32F16}.Release|Any CPU.ActiveCfg = Release|Any CPU
		{83B4B3DB-CF52-4C54-AE01-AF4479F32F16}.Release|Any CPU.Build.0 = Release|Any CPU
		{B3ACA3A2-3F26-4EF5-AF3C-58F07909DCC3}.Debug|Any CPU.ActiveCfg = Debug|Any CPU
		{B3ACA3A2-3F26-4EF5-AF3C-58F07909DCC3}.Debug|Any CPU.Build.0 = Debug|Any CPU
		{B3ACA3A2-3F26-4EF5-AF3C-58F07909DCC3}.Release|Any CPU.ActiveCfg = Release|Any CPU
		{B3ACA3A2-3F26-4EF5-AF3C-58F07909DCC3}.Release|Any CPU.Build.0 = Release|Any CPU
		{1C07DA66-21E1-4A94-B1FB-E2482F47DD7D}.Debug|Any CPU.ActiveCfg = Debug|Any CPU
		{1C07DA66-21E1-4A94-B1FB-E2482F47DD7D}.Debug|Any CPU.Build.0 = Debug|Any CPU
		{1C07DA66-21E1-4A94-B1FB-E2482F47DD7D}.Release|Any CPU.ActiveCfg = Release|Any CPU
		{1C07DA66-21E1-4A94-B1FB-E2482F47DD7D}.Release|Any CPU.Build.0 = Release|Any CPU
		{9A9457E7-B8FA-4536-B122-AB612F058A46}.Debug|Any CPU.ActiveCfg = Debug|Any CPU
		{9A9457E7-B8FA-4536-B122-AB612F058A46}.Debug|Any CPU.Build.0 = Debug|Any CPU
		{9A9457E7-B8FA-4536-B122-AB612F058A46}.Release|Any CPU.ActiveCfg = Release|Any CPU
		{9A9457E7-B8FA-4536-B122-AB612F058A46}.Release|Any CPU.Build.0 = Release|Any CPU
		{6B6E984B-8FE1-498D-8CCE-DE0657A410FF}.Debug|Any CPU.ActiveCfg = Debug|Any CPU
		{6B6E984B-8FE1-498D-8CCE-DE0657A410FF}.Debug|Any CPU.Build.0 = Debug|Any CPU
		{6B6E984B-8FE1-498D-8CCE-DE0657A410FF}.Release|Any CPU.ActiveCfg = Release|Any CPU
		{6B6E984B-8FE1-498D-8CCE-DE0657A410FF}.Release|Any CPU.Build.0 = Release|Any CPU
		{A847CACB-380A-4B6B-BC1C-827C4116E3BF}.Debug|Any CPU.ActiveCfg = Debug|Any CPU
		{A847CACB-380A-4B6B-BC1C-827C4116E3BF}.Debug|Any CPU.Build.0 = Debug|Any CPU
		{A847CACB-380A-4B6B-BC1C-827C4116E3BF}.Release|Any CPU.ActiveCfg = Release|Any CPU
		{A847CACB-380A-4B6B-BC1C-827C4116E3BF}.Release|Any CPU.Build.0 = Release|Any CPU
		{7E184B6C-4EE6-49CB-BC04-E32ABBD27E6C}.Debug|Any CPU.ActiveCfg = Debug|Any CPU
		{7E184B6C-4EE6-49CB-BC04-E32ABBD27E6C}.Debug|Any CPU.Build.0 = Debug|Any CPU
		{7E184B6C-4EE6-49CB-BC04-E32ABBD27E6C}.Release|Any CPU.ActiveCfg = Release|Any CPU
		{7E184B6C-4EE6-49CB-BC04-E32ABBD27E6C}.Release|Any CPU.Build.0 = Release|Any CPU
		{A19CDC99-EB67-493C-9C19-0B1D394CFADF}.Debug|Any CPU.ActiveCfg = Debug|Any CPU
		{A19CDC99-EB67-493C-9C19-0B1D394CFADF}.Debug|Any CPU.Build.0 = Debug|Any CPU
		{A19CDC99-EB67-493C-9C19-0B1D394CFADF}.Release|Any CPU.ActiveCfg = Release|Any CPU
		{A19CDC99-EB67-493C-9C19-0B1D394CFADF}.Release|Any CPU.Build.0 = Release|Any CPU
		{95D89EC5-0D8F-49A0-84B6-FFBAC878C106}.Debug|Any CPU.ActiveCfg = Debug|Any CPU
		{95D89EC5-0D8F-49A0-84B6-FFBAC878C106}.Debug|Any CPU.Build.0 = Debug|Any CPU
		{95D89EC5-0D8F-49A0-84B6-FFBAC878C106}.Release|Any CPU.ActiveCfg = Release|Any CPU
		{95D89EC5-0D8F-49A0-84B6-FFBAC878C106}.Release|Any CPU.Build.0 = Release|Any CPU
		{9CB26A6A-9474-4D27-BEB0-922D15ACAF22}.Debug|Any CPU.ActiveCfg = Debug|Any CPU
		{9CB26A6A-9474-4D27-BEB0-922D15ACAF22}.Debug|Any CPU.Build.0 = Debug|Any CPU
		{9CB26A6A-9474-4D27-BEB0-922D15ACAF22}.Release|Any CPU.ActiveCfg = Release|Any CPU
		{9CB26A6A-9474-4D27-BEB0-922D15ACAF22}.Release|Any CPU.Build.0 = Release|Any CPU
		{20EB3EDC-B411-40D5-A53D-F5299C4DB454}.Debug|Any CPU.ActiveCfg = Debug|Any CPU
		{20EB3EDC-B411-40D5-A53D-F5299C4DB454}.Debug|Any CPU.Build.0 = Debug|Any CPU
		{20EB3EDC-B411-40D5-A53D-F5299C4DB454}.Release|Any CPU.ActiveCfg = Release|Any CPU
		{20EB3EDC-B411-40D5-A53D-F5299C4DB454}.Release|Any CPU.Build.0 = Release|Any CPU
		{B025CF48-20ED-4BDC-8751-1B1603F77B8E}.Debug|Any CPU.ActiveCfg = Debug|Any CPU
		{B025CF48-20ED-4BDC-8751-1B1603F77B8E}.Debug|Any CPU.Build.0 = Debug|Any CPU
		{B025CF48-20ED-4BDC-8751-1B1603F77B8E}.Release|Any CPU.ActiveCfg = Release|Any CPU
		{B025CF48-20ED-4BDC-8751-1B1603F77B8E}.Release|Any CPU.Build.0 = Release|Any CPU
		{EC68E26D-F539-4C50-A664-1E7E1FDC55D5}.Debug|Any CPU.ActiveCfg = Debug|Any CPU
		{EC68E26D-F539-4C50-A664-1E7E1FDC55D5}.Debug|Any CPU.Build.0 = Debug|Any CPU
		{EC68E26D-F539-4C50-A664-1E7E1FDC55D5}.Release|Any CPU.ActiveCfg = Release|Any CPU
		{EC68E26D-F539-4C50-A664-1E7E1FDC55D5}.Release|Any CPU.Build.0 = Release|Any CPU
		{9A432B90-76AA-4B57-935B-1A6FCCB8B8A8}.Debug|Any CPU.ActiveCfg = Debug|Any CPU
		{9A432B90-76AA-4B57-935B-1A6FCCB8B8A8}.Debug|Any CPU.Build.0 = Debug|Any CPU
		{9A432B90-76AA-4B57-935B-1A6FCCB8B8A8}.Release|Any CPU.ActiveCfg = Release|Any CPU
		{9A432B90-76AA-4B57-935B-1A6FCCB8B8A8}.Release|Any CPU.Build.0 = Release|Any CPU
		{463BC71E-2651-4DBC-AA61-12B6CBA5C7DD}.Debug|Any CPU.ActiveCfg = Debug|Any CPU
		{463BC71E-2651-4DBC-AA61-12B6CBA5C7DD}.Debug|Any CPU.Build.0 = Debug|Any CPU
		{463BC71E-2651-4DBC-AA61-12B6CBA5C7DD}.Release|Any CPU.ActiveCfg = Release|Any CPU
		{463BC71E-2651-4DBC-AA61-12B6CBA5C7DD}.Release|Any CPU.Build.0 = Release|Any CPU
		{E3067542-DD1E-4D65-B377-3B4626C4266E}.Debug|Any CPU.ActiveCfg = Debug|Any CPU
		{E3067542-DD1E-4D65-B377-3B4626C4266E}.Debug|Any CPU.Build.0 = Debug|Any CPU
		{E3067542-DD1E-4D65-B377-3B4626C4266E}.Release|Any CPU.ActiveCfg = Release|Any CPU
		{E3067542-DD1E-4D65-B377-3B4626C4266E}.Release|Any CPU.Build.0 = Release|Any CPU
		{D7D94228-1C2A-40DE-BB0F-AFD79EEECCAF}.Debug|Any CPU.ActiveCfg = Debug|Any CPU
		{D7D94228-1C2A-40DE-BB0F-AFD79EEECCAF}.Debug|Any CPU.Build.0 = Debug|Any CPU
		{D7D94228-1C2A-40DE-BB0F-AFD79EEECCAF}.Release|Any CPU.ActiveCfg = Release|Any CPU
		{D7D94228-1C2A-40DE-BB0F-AFD79EEECCAF}.Release|Any CPU.Build.0 = Release|Any CPU
		{DD8941F6-CC65-4E7C-84C7-CD42618A4E8B}.Debug|Any CPU.ActiveCfg = Debug|Any CPU
		{DD8941F6-CC65-4E7C-84C7-CD42618A4E8B}.Debug|Any CPU.Build.0 = Debug|Any CPU
		{DD8941F6-CC65-4E7C-84C7-CD42618A4E8B}.Release|Any CPU.ActiveCfg = Release|Any CPU
		{DD8941F6-CC65-4E7C-84C7-CD42618A4E8B}.Release|Any CPU.Build.0 = Release|Any CPU
		{A2FEBF62-B446-48C3-B34F-3BE3237C3A35}.Debug|Any CPU.ActiveCfg = Debug|Any CPU
		{A2FEBF62-B446-48C3-B34F-3BE3237C3A35}.Debug|Any CPU.Build.0 = Debug|Any CPU
		{A2FEBF62-B446-48C3-B34F-3BE3237C3A35}.Release|Any CPU.ActiveCfg = Release|Any CPU
		{A2FEBF62-B446-48C3-B34F-3BE3237C3A35}.Release|Any CPU.Build.0 = Release|Any CPU
		{53E03AB6-5A66-4DDD-8877-C2D356E3CE53}.Debug|Any CPU.ActiveCfg = Debug|Any CPU
		{53E03AB6-5A66-4DDD-8877-C2D356E3CE53}.Debug|Any CPU.Build.0 = Debug|Any CPU
		{53E03AB6-5A66-4DDD-8877-C2D356E3CE53}.Release|Any CPU.ActiveCfg = Release|Any CPU
		{53E03AB6-5A66-4DDD-8877-C2D356E3CE53}.Release|Any CPU.Build.0 = Release|Any CPU
		{E3D6F240-DC06-4EE1-9C64-97CC6B20ACC6}.Debug|Any CPU.ActiveCfg = Debug|Any CPU
		{E3D6F240-DC06-4EE1-9C64-97CC6B20ACC6}.Debug|Any CPU.Build.0 = Debug|Any CPU
		{E3D6F240-DC06-4EE1-9C64-97CC6B20ACC6}.Release|Any CPU.ActiveCfg = Release|Any CPU
		{E3D6F240-DC06-4EE1-9C64-97CC6B20ACC6}.Release|Any CPU.Build.0 = Release|Any CPU
		{B85F392D-B13C-4AB4-80DA-8E8D8DD44C8A}.Debug|Any CPU.ActiveCfg = Debug|Any CPU
		{B85F392D-B13C-4AB4-80DA-8E8D8DD44C8A}.Debug|Any CPU.Build.0 = Debug|Any CPU
		{B85F392D-B13C-4AB4-80DA-8E8D8DD44C8A}.Release|Any CPU.ActiveCfg = Release|Any CPU
		{B85F392D-B13C-4AB4-80DA-8E8D8DD44C8A}.Release|Any CPU.Build.0 = Release|Any CPU
		{D303EC34-4CC7-40CC-88F8-300083570675}.Debug|Any CPU.ActiveCfg = Debug|Any CPU
		{D303EC34-4CC7-40CC-88F8-300083570675}.Debug|Any CPU.Build.0 = Debug|Any CPU
		{D303EC34-4CC7-40CC-88F8-300083570675}.Release|Any CPU.ActiveCfg = Release|Any CPU
		{D303EC34-4CC7-40CC-88F8-300083570675}.Release|Any CPU.Build.0 = Release|Any CPU
		{18A824AB-B382-4090-BF4E-61CAF448A690}.Debug|Any CPU.ActiveCfg = Debug|Any CPU
		{18A824AB-B382-4090-BF4E-61CAF448A690}.Debug|Any CPU.Build.0 = Debug|Any CPU
		{18A824AB-B382-4090-BF4E-61CAF448A690}.Release|Any CPU.ActiveCfg = Release|Any CPU
		{18A824AB-B382-4090-BF4E-61CAF448A690}.Release|Any CPU.Build.0 = Release|Any CPU
		{B0172492-29B4-41A6-9245-9AA297AEB413}.Debug|Any CPU.ActiveCfg = Debug|Any CPU
		{B0172492-29B4-41A6-9245-9AA297AEB413}.Debug|Any CPU.Build.0 = Debug|Any CPU
		{B0172492-29B4-41A6-9245-9AA297AEB413}.Release|Any CPU.ActiveCfg = Release|Any CPU
		{B0172492-29B4-41A6-9245-9AA297AEB413}.Release|Any CPU.Build.0 = Release|Any CPU
		{1627EA8A-4595-4AD0-A5D8-3B4A52EA5F44}.Debug|Any CPU.ActiveCfg = Debug|Any CPU
		{1627EA8A-4595-4AD0-A5D8-3B4A52EA5F44}.Debug|Any CPU.Build.0 = Debug|Any CPU
		{1627EA8A-4595-4AD0-A5D8-3B4A52EA5F44}.Release|Any CPU.ActiveCfg = Release|Any CPU
		{1627EA8A-4595-4AD0-A5D8-3B4A52EA5F44}.Release|Any CPU.Build.0 = Release|Any CPU
		{8A53C6B7-5414-4609-A232-876AFD45E110}.Debug|Any CPU.ActiveCfg = Debug|Any CPU
		{8A53C6B7-5414-4609-A232-876AFD45E110}.Debug|Any CPU.Build.0 = Debug|Any CPU
		{8A53C6B7-5414-4609-A232-876AFD45E110}.Release|Any CPU.ActiveCfg = Release|Any CPU
		{8A53C6B7-5414-4609-A232-876AFD45E110}.Release|Any CPU.Build.0 = Release|Any CPU
		{E0CF6848-2F42-47C9-93A6-F9B845F989EC}.Debug|Any CPU.ActiveCfg = Debug|Any CPU
		{E0CF6848-2F42-47C9-93A6-F9B845F989EC}.Debug|Any CPU.Build.0 = Debug|Any CPU
		{E0CF6848-2F42-47C9-93A6-F9B845F989EC}.Release|Any CPU.ActiveCfg = Release|Any CPU
		{E0CF6848-2F42-47C9-93A6-F9B845F989EC}.Release|Any CPU.Build.0 = Release|Any CPU
		{24207FA3-7F27-4418-827F-0851731D9EE0}.Debug|Any CPU.ActiveCfg = Debug|Any CPU
		{24207FA3-7F27-4418-827F-0851731D9EE0}.Debug|Any CPU.Build.0 = Debug|Any CPU
		{24207FA3-7F27-4418-827F-0851731D9EE0}.Release|Any CPU.ActiveCfg = Release|Any CPU
		{24207FA3-7F27-4418-827F-0851731D9EE0}.Release|Any CPU.Build.0 = Release|Any CPU
		{54BB6495-7891-4670-B493-E37256CCA582}.Debug|Any CPU.ActiveCfg = Debug|Any CPU
		{54BB6495-7891-4670-B493-E37256CCA582}.Debug|Any CPU.Build.0 = Debug|Any CPU
		{54BB6495-7891-4670-B493-E37256CCA582}.Release|Any CPU.ActiveCfg = Release|Any CPU
		{54BB6495-7891-4670-B493-E37256CCA582}.Release|Any CPU.Build.0 = Release|Any CPU
		{BA7C3174-1E9C-4061-A246-21BF14923CAA}.Debug|Any CPU.ActiveCfg = Debug|Any CPU
		{BA7C3174-1E9C-4061-A246-21BF14923CAA}.Debug|Any CPU.Build.0 = Debug|Any CPU
		{BA7C3174-1E9C-4061-A246-21BF14923CAA}.Release|Any CPU.ActiveCfg = Release|Any CPU
		{BA7C3174-1E9C-4061-A246-21BF14923CAA}.Release|Any CPU.Build.0 = Release|Any CPU
	EndGlobalSection
	GlobalSection(SolutionProperties) = preSolution
		HideSolutionNode = FALSE
	EndGlobalSection
	GlobalSection(NestedProjects) = preSolution
		{E7E0F811-4F85-46B0-AB9D-4A46EA910E6E} = {8D8022E1-E61C-42C5-9D29-F4A22EFC3D1E}
		{C499902C-CC95-4448-AEE6-16315D083129} = {E7E0F811-4F85-46B0-AB9D-4A46EA910E6E}
		{7AB11578-83AD-4AE7-A895-6FF8F148E935} = {8D8022E1-E61C-42C5-9D29-F4A22EFC3D1E}
		{DE3103D7-BFC3-4660-94A1-617DCE17D2CF} = {7AB11578-83AD-4AE7-A895-6FF8F148E935}
		{F334AC66-6BD0-421B-8F92-318165BFE7A1} = {7AB11578-83AD-4AE7-A895-6FF8F148E935}
		{68A4AB4A-272D-4439-8003-9155728EEC61} = {8D8022E1-E61C-42C5-9D29-F4A22EFC3D1E}
		{83B4B3DB-CF52-4C54-AE01-AF4479F32F16} = {68A4AB4A-272D-4439-8003-9155728EEC61}
		{B3ACA3A2-3F26-4EF5-AF3C-58F07909DCC3} = {68A4AB4A-272D-4439-8003-9155728EEC61}
		{D6708838-2ED2-43BD-BA94-1777C7BF1AAC} = {8D47DCE8-D734-4E3E-8A0F-30BE39247EA8}
		{6B6E984B-8FE1-498D-8CCE-DE0657A410FF} = {D6708838-2ED2-43BD-BA94-1777C7BF1AAC}
		{1F26FA89-360B-4F43-A13E-342317FE144D} = {8D47DCE8-D734-4E3E-8A0F-30BE39247EA8}
		{04703828-8F42-402D-BF49-2BA0B0FF6444} = {8D47DCE8-D734-4E3E-8A0F-30BE39247EA8}
		{A847CACB-380A-4B6B-BC1C-827C4116E3BF} = {1F26FA89-360B-4F43-A13E-342317FE144D}
		{7E184B6C-4EE6-49CB-BC04-E32ABBD27E6C} = {1F26FA89-360B-4F43-A13E-342317FE144D}
		{A19CDC99-EB67-493C-9C19-0B1D394CFADF} = {04703828-8F42-402D-BF49-2BA0B0FF6444}
		{95D89EC5-0D8F-49A0-84B6-FFBAC878C106} = {04703828-8F42-402D-BF49-2BA0B0FF6444}
		{C09FAF91-EF3F-45CE-9E2F-5EB5155690A6} = {96CE4B50-FF83-4297-B6EA-7D1F4D4533FA}
		{E0893A0D-293C-4465-AE64-998D3E19A806} = {96CE4B50-FF83-4297-B6EA-7D1F4D4533FA}
		{8F6F2A76-9C06-4DBA-91D5-227A32E9304C} = {96CE4B50-FF83-4297-B6EA-7D1F4D4533FA}
		{9CB26A6A-9474-4D27-BEB0-922D15ACAF22} = {E0893A0D-293C-4465-AE64-998D3E19A806}
		{20EB3EDC-B411-40D5-A53D-F5299C4DB454} = {C09FAF91-EF3F-45CE-9E2F-5EB5155690A6}
		{B025CF48-20ED-4BDC-8751-1B1603F77B8E} = {C09FAF91-EF3F-45CE-9E2F-5EB5155690A6}
		{EC68E26D-F539-4C50-A664-1E7E1FDC55D5} = {8F6F2A76-9C06-4DBA-91D5-227A32E9304C}
		{9A432B90-76AA-4B57-935B-1A6FCCB8B8A8} = {8F6F2A76-9C06-4DBA-91D5-227A32E9304C}
		{4F13888C-1B95-4052-8F06-97066CDC2782} = {8438152D-B73A-4907-8A5C-66127611B047}
		{17645743-B180-48EB-9167-F3EC3110F065} = {8438152D-B73A-4907-8A5C-66127611B047}
		{75EF409E-5CBE-47E1-9ACD-2BFA694D1138} = {8438152D-B73A-4907-8A5C-66127611B047}
		{463BC71E-2651-4DBC-AA61-12B6CBA5C7DD} = {4F13888C-1B95-4052-8F06-97066CDC2782}
		{E3067542-DD1E-4D65-B377-3B4626C4266E} = {4F13888C-1B95-4052-8F06-97066CDC2782}
		{D7D94228-1C2A-40DE-BB0F-AFD79EEECCAF} = {17645743-B180-48EB-9167-F3EC3110F065}
		{DD8941F6-CC65-4E7C-84C7-CD42618A4E8B} = {75EF409E-5CBE-47E1-9ACD-2BFA694D1138}
		{A2FEBF62-B446-48C3-B34F-3BE3237C3A35} = {75EF409E-5CBE-47E1-9ACD-2BFA694D1138}
		{D09D7098-55D4-4764-A017-594FEC3080F7} = {FB0B5C4A-1781-4645-AA32-3E7CDAD75B74}
		{B157E200-272B-4465-88BD-61D32A51012E} = {FB0B5C4A-1781-4645-AA32-3E7CDAD75B74}
		{623D548C-4601-40B5-AC9F-74FBC0CA2E7C} = {FB0B5C4A-1781-4645-AA32-3E7CDAD75B74}
		{53E03AB6-5A66-4DDD-8877-C2D356E3CE53} = {B157E200-272B-4465-88BD-61D32A51012E}
		{E3D6F240-DC06-4EE1-9C64-97CC6B20ACC6} = {D09D7098-55D4-4764-A017-594FEC3080F7}
		{B85F392D-B13C-4AB4-80DA-8E8D8DD44C8A} = {D09D7098-55D4-4764-A017-594FEC3080F7}
		{D303EC34-4CC7-40CC-88F8-300083570675} = {623D548C-4601-40B5-AC9F-74FBC0CA2E7C}
		{18A824AB-B382-4090-BF4E-61CAF448A690} = {623D548C-4601-40B5-AC9F-74FBC0CA2E7C}
		{7DFD3337-9378-415F-80B4-7B2B51226B9B} = {D924D47C-2B10-45E1-BB91-909E7143EEAD}
		{77F5B519-24BD-4D5B-874F-29E8103F3F51} = {D924D47C-2B10-45E1-BB91-909E7143EEAD}
		{F386EF09-68CB-453E-9BB4-5E984FC078E4} = {D924D47C-2B10-45E1-BB91-909E7143EEAD}
		{B0172492-29B4-41A6-9245-9AA297AEB413} = {77F5B519-24BD-4D5B-874F-29E8103F3F51}
		{1627EA8A-4595-4AD0-A5D8-3B4A52EA5F44} = {7DFD3337-9378-415F-80B4-7B2B51226B9B}
		{8A53C6B7-5414-4609-A232-876AFD45E110} = {F386EF09-68CB-453E-9BB4-5E984FC078E4}
		{E0CF6848-2F42-47C9-93A6-F9B845F989EC} = {7DFD3337-9378-415F-80B4-7B2B51226B9B}
		{24207FA3-7F27-4418-827F-0851731D9EE0} = {F386EF09-68CB-453E-9BB4-5E984FC078E4}
		{54BB6495-7891-4670-B493-E37256CCA582} = {68A4AB4A-272D-4439-8003-9155728EEC61}
		{BA7C3174-1E9C-4061-A246-21BF14923CAA} = {68A4AB4A-272D-4439-8003-9155728EEC61}
	EndGlobalSection
	GlobalSection(ExtensibilityGlobals) = postSolution
		SolutionGuid = {AEE92396-C5F9-4695-85B1-07E7B03395A5}
	EndGlobalSection
EndGlobal
